
Microsoft Visual Studio Solution File, Format Version 12.00
# Visual Studio 15
VisualStudioVersion = 15.0.28010.2050
MinimumVisualStudioVersion = 10.0.40219.1
Project("{FAE04EC0-301F-11D3-BF4B-00C04F79EFBC}") = "API", "API\API.csproj", "{8C96B6E7-83F2-45D1-87CC-9B621721607A}"
EndProject
Project("{FAE04EC0-301F-11D3-BF4B-00C04F79EFBC}") = "UI", "UI\UI.csproj", "{EB1D32B6-0D6E-475A-8CCF-AA05FFB36DA9}"
EndProject
Global
	GlobalSection(SolutionConfigurationPlatforms) = preSolution
		Debug|Any CPU = Debug|Any CPU
		Release|Any CPU = Release|Any CPU
	EndGlobalSection
	GlobalSection(ProjectConfigurationPlatforms) = postSolution
		{8C96B6E7-83F2-45D1-87CC-9B621721607A}.Debug|Any CPU.ActiveCfg = Debug|Any CPU
		{8C96B6E7-83F2-45D1-87CC-9B621721607A}.Debug|Any CPU.Build.0 = Debug|Any CPU
		{8C96B6E7-83F2-45D1-87CC-9B621721607A}.Release|Any CPU.ActiveCfg = Release|Any CPU
		{8C96B6E7-83F2-45D1-87CC-9B621721607A}.Release|Any CPU.Build.0 = Release|Any CPU
		{EB1D32B6-0D6E-475A-8CCF-AA05FFB36DA9}.Debug|Any CPU.ActiveCfg = Debug|Any CPU
		{EB1D32B6-0D6E-475A-8CCF-AA05FFB36DA9}.Debug|Any CPU.Build.0 = Debug|Any CPU
		{EB1D32B6-0D6E-475A-8CCF-AA05FFB36DA9}.Release|Any CPU.ActiveCfg = Release|Any CPU
		{EB1D32B6-0D6E-475A-8CCF-AA05FFB36DA9}.Release|Any CPU.Build.0 = Release|Any CPU
	EndGlobalSection
	GlobalSection(SolutionProperties) = preSolution
		HideSolutionNode = FALSE
	EndGlobalSection
	GlobalSection(ExtensibilityGlobals) = postSolution
		SolutionGuid = {B84B107F-DC12-408A-BB21-DBA57EB77D53}
	EndGlobalSection
EndGlobal
